
Microsoft Visual Studio Solution File, Format Version 12.00
# Visual Studio Version 17
VisualStudioVersion = 17.3.32611.2
MinimumVisualStudioVersion = 10.0.40219.1
Project("{FAE04EC0-301F-11D3-BF4B-00C04F79EFBC}") = "SlideShow", "SlideShow\SlideShow.csproj", "{FE07EF55-E299-4377-82FF-80574D300A92}"
EndProject
Global
	GlobalSection(SolutionConfigurationPlatforms) = preSolution
		Debug|Any CPU = Debug|Any CPU
		Release|Any CPU = Release|Any CPU
	EndGlobalSection
	GlobalSection(ProjectConfigurationPlatforms) = postSolution
		{FE07EF55-E299-4377-82FF-80574D300A92}.Debug|Any CPU.ActiveCfg = Debug|Any CPU
		{FE07EF55-E299-4377-82FF-80574D300A92}.Debug|Any CPU.Build.0 = Debug|Any CPU
		{FE07EF55-E299-4377-82FF-80574D300A92}.Release|Any CPU.ActiveCfg = Release|Any CPU
		{FE07EF55-E299-4377-82FF-80574D300A92}.Release|Any CPU.Build.0 = Release|Any CPU
	EndGlobalSection
	GlobalSection(SolutionProperties) = preSolution
		HideSolutionNode = FALSE
	EndGlobalSection
	GlobalSection(ExtensibilityGlobals) = postSolution
		SolutionGuid = {721861FE-4A28-44E3-9D1C-AECCDA054948}
	EndGlobalSection
EndGlobal
